
Microsoft Visual Studio Solution File, Format Version 12.00
# Visual Studio Version 17
VisualStudioVersion = 17.0.31710.8
MinimumVisualStudioVersion = 10.0.40219.1
Project("{9A19103F-16F7-4668-BE54-9A1E7A4F7556}") = "BlazorStyledTextAreaDemoWasm.Server", "Server\BlazorStyledTextAreaDemoWasm.Server.csproj", "{03C1DD6A-126E-4832-ABCA-ABA115A51C06}"
EndProject
Project("{9A19103F-16F7-4668-BE54-9A1E7A4F7556}") = "BlazorStyledTextAreaDemoWasm.Client", "Client\BlazorStyledTextAreaDemoWasm.Client.csproj", "{3D30F09C-2946-4370-B236-E84487182210}"
EndProject
Project("{9A19103F-16F7-4668-BE54-9A1E7A4F7556}") = "BlazorStyledTextAreaDemoWasm.Shared", "Shared\BlazorStyledTextAreaDemoWasm.Shared.csproj", "{B9C2E35C-252D-4B2E-97DF-6F6117643A7E}"
EndProject
Project("{9A19103F-16F7-4668-BE54-9A1E7A4F7556}") = "BlazorStyledTextArea", "..\..\..\..\src\BlazorStyledTextArea\BlazorStyledTextArea.csproj", "{DBD99809-FFA1-4AB8-B831-0C9FC3560F08}"
EndProject
Project("{9A19103F-16F7-4668-BE54-9A1E7A4F7556}") = "BlazorStyledTextAreaTest", "..\..\..\..\test\BlazorStyledTextAreaTest\BlazorStyledTextAreaTest.csproj", "{DBB2704B-8095-497D-A5AA-EF3CAAD54C9B}"
EndProject
Project("{2150E333-8FDC-42A3-9474-1A3956D46DE8}") = "Component", "Component", "{868C1676-CF79-4A95-9E2F-A9C8B41A6953}"
EndProject
Project("{2150E333-8FDC-42A3-9474-1A3956D46DE8}") = "DemoShared", "DemoShared", "{0A20A5FA-4DF3-4E16-B6C7-0F09867EEED2}"
EndProject
Project("{9A19103F-16F7-4668-BE54-9A1E7A4F7556}") = "DemoComponentUse", "..\DemoShared\DemoComponentUse\DemoComponentUse.csproj", "{1CB881F4-E8D1-4133-8E8A-49FDD0400D94}"
EndProject
Global
	GlobalSection(SolutionConfigurationPlatforms) = preSolution
		Debug|Any CPU = Debug|Any CPU
		Release|Any CPU = Release|Any CPU
	EndGlobalSection
	GlobalSection(ProjectConfigurationPlatforms) = postSolution
		{03C1DD6A-126E-4832-ABCA-ABA115A51C06}.Debug|Any CPU.ActiveCfg = Debug|Any CPU
		{03C1DD6A-126E-4832-ABCA-ABA115A51C06}.Debug|Any CPU.Build.0 = Debug|Any CPU
		{03C1DD6A-126E-4832-ABCA-ABA115A51C06}.Release|Any CPU.ActiveCfg = Release|Any CPU
		{03C1DD6A-126E-4832-ABCA-ABA115A51C06}.Release|Any CPU.Build.0 = Release|Any CPU
		{3D30F09C-2946-4370-B236-E84487182210}.Debug|Any CPU.ActiveCfg = Debug|Any CPU
		{3D30F09C-2946-4370-B236-E84487182210}.Debug|Any CPU.Build.0 = Debug|Any CPU
		{3D30F09C-2946-4370-B236-E84487182210}.Release|Any CPU.ActiveCfg = Release|Any CPU
		{3D30F09C-2946-4370-B236-E84487182210}.Release|Any CPU.Build.0 = Release|Any CPU
		{B9C2E35C-252D-4B2E-97DF-6F6117643A7E}.Debug|Any CPU.ActiveCfg = Debug|Any CPU
		{B9C2E35C-252D-4B2E-97DF-6F6117643A7E}.Debug|Any CPU.Build.0 = Debug|Any CPU
		{B9C2E35C-252D-4B2E-97DF-6F6117643A7E}.Release|Any CPU.ActiveCfg = Release|Any CPU
		{B9C2E35C-252D-4B2E-97DF-6F6117643A7E}.Release|Any CPU.Build.0 = Release|Any CPU
		{DBD99809-FFA1-4AB8-B831-0C9FC3560F08}.Debug|Any CPU.ActiveCfg = Debug|Any CPU
		{DBD99809-FFA1-4AB8-B831-0C9FC3560F08}.Debug|Any CPU.Build.0 = Debug|Any CPU
		{DBD99809-FFA1-4AB8-B831-0C9FC3560F08}.Release|Any CPU.ActiveCfg = Release|Any CPU
		{DBD99809-FFA1-4AB8-B831-0C9FC3560F08}.Release|Any CPU.Build.0 = Release|Any CPU
		{DBB2704B-8095-497D-A5AA-EF3CAAD54C9B}.Debug|Any CPU.ActiveCfg = Debug|Any CPU
		{DBB2704B-8095-497D-A5AA-EF3CAAD54C9B}.Debug|Any CPU.Build.0 = Debug|Any CPU
		{DBB2704B-8095-497D-A5AA-EF3CAAD54C9B}.Release|Any CPU.ActiveCfg = Release|Any CPU
		{DBB2704B-8095-497D-A5AA-EF3CAAD54C9B}.Release|Any CPU.Build.0 = Release|Any CPU
		{1CB881F4-E8D1-4133-8E8A-49FDD0400D94}.Debug|Any CPU.ActiveCfg = Debug|Any CPU
		{1CB881F4-E8D1-4133-8E8A-49FDD0400D94}.Debug|Any CPU.Build.0 = Debug|Any CPU
		{1CB881F4-E8D1-4133-8E8A-49FDD0400D94}.Release|Any CPU.ActiveCfg = Release|Any CPU
		{1CB881F4-E8D1-4133-8E8A-49FDD0400D94}.Release|Any CPU.Build.0 = Release|Any CPU
	EndGlobalSection
	GlobalSection(SolutionProperties) = preSolution
		HideSolutionNode = FALSE
	EndGlobalSection
	GlobalSection(NestedProjects) = preSolution
		{DBD99809-FFA1-4AB8-B831-0C9FC3560F08} = {868C1676-CF79-4A95-9E2F-A9C8B41A6953}
		{DBB2704B-8095-497D-A5AA-EF3CAAD54C9B} = {868C1676-CF79-4A95-9E2F-A9C8B41A6953}
		{1CB881F4-E8D1-4133-8E8A-49FDD0400D94} = {0A20A5FA-4DF3-4E16-B6C7-0F09867EEED2}
	EndGlobalSection
	GlobalSection(ExtensibilityGlobals) = postSolution
		SolutionGuid = {DDEFAEFF-5073-4679-B6CD-3ECB3F96AA39}
	EndGlobalSection
EndGlobal
