
Microsoft Visual Studio Solution File, Format Version 12.00
# Visual Studio Version 17
VisualStudioVersion = 17.0.31710.8
MinimumVisualStudioVersion = 10.0.40219.1
Project("{9A19103F-16F7-4668-BE54-9A1E7A4F7556}") = "BlazorStyledTextAreaDemoServer", "BlazorStyledTextAreaDemoServer.csproj", "{4D850A79-4060-4549-8893-E9B69C12C677}"
EndProject
Project("{9A19103F-16F7-4668-BE54-9A1E7A4F7556}") = "BlazorStyledTextArea", "..\..\..\..\src\BlazorStyledTextArea\BlazorStyledTextArea.csproj", "{34515AA3-82D6-4370-8091-FBC5364F8CD0}"
EndProject
Project("{9A19103F-16F7-4668-BE54-9A1E7A4F7556}") = "BlazorStyledTextAreaTest", "..\..\..\..\test\BlazorStyledTextAreaTest\BlazorStyledTextAreaTest.csproj", "{59DE959A-F8A7-4BC0-A7E7-A790EE96E3CB}"
EndProject
Project("{2150E333-8FDC-42A3-9474-1A3956D46DE8}") = "Component", "Component", "{0431C119-E4AE-4512-9F0F-730F091B6826}"
EndProject
Project("{2150E333-8FDC-42A3-9474-1A3956D46DE8}") = "DemoShared", "DemoShared", "{7EEB19B9-BF5F-488D-9F1B-7393DBD6C545}"
EndProject
Project("{FAE04EC0-301F-11D3-BF4B-00C04F79EFBC}") = "DemoComponentUse", "..\DemoShared\DemoComponentUse\DemoComponentUse.csproj", "{C88898DE-35AF-46BA-8544-97AFBB5C41B6}"
EndProject
Global
	GlobalSection(SolutionConfigurationPlatforms) = preSolution
		Debug|Any CPU = Debug|Any CPU
		Release|Any CPU = Release|Any CPU
	EndGlobalSection
	GlobalSection(ProjectConfigurationPlatforms) = postSolution
		{4D850A79-4060-4549-8893-E9B69C12C677}.Debug|Any CPU.ActiveCfg = Debug|Any CPU
		{4D850A79-4060-4549-8893-E9B69C12C677}.Debug|Any CPU.Build.0 = Debug|Any CPU
		{4D850A79-4060-4549-8893-E9B69C12C677}.Release|Any CPU.ActiveCfg = Release|Any CPU
		{4D850A79-4060-4549-8893-E9B69C12C677}.Release|Any CPU.Build.0 = Release|Any CPU
		{34515AA3-82D6-4370-8091-FBC5364F8CD0}.Debug|Any CPU.ActiveCfg = Debug|Any CPU
		{34515AA3-82D6-4370-8091-FBC5364F8CD0}.Debug|Any CPU.Build.0 = Debug|Any CPU
		{34515AA3-82D6-4370-8091-FBC5364F8CD0}.Release|Any CPU.ActiveCfg = Release|Any CPU
		{34515AA3-82D6-4370-8091-FBC5364F8CD0}.Release|Any CPU.Build.0 = Release|Any CPU
		{59DE959A-F8A7-4BC0-A7E7-A790EE96E3CB}.Debug|Any CPU.ActiveCfg = Debug|Any CPU
		{59DE959A-F8A7-4BC0-A7E7-A790EE96E3CB}.Debug|Any CPU.Build.0 = Debug|Any CPU
		{59DE959A-F8A7-4BC0-A7E7-A790EE96E3CB}.Release|Any CPU.ActiveCfg = Release|Any CPU
		{59DE959A-F8A7-4BC0-A7E7-A790EE96E3CB}.Release|Any CPU.Build.0 = Release|Any CPU
		{C88898DE-35AF-46BA-8544-97AFBB5C41B6}.Debug|Any CPU.ActiveCfg = Debug|Any CPU
		{C88898DE-35AF-46BA-8544-97AFBB5C41B6}.Debug|Any CPU.Build.0 = Debug|Any CPU
		{C88898DE-35AF-46BA-8544-97AFBB5C41B6}.Release|Any CPU.ActiveCfg = Release|Any CPU
		{C88898DE-35AF-46BA-8544-97AFBB5C41B6}.Release|Any CPU.Build.0 = Release|Any CPU
	EndGlobalSection
	GlobalSection(SolutionProperties) = preSolution
		HideSolutionNode = FALSE
	EndGlobalSection
	GlobalSection(NestedProjects) = preSolution
		{34515AA3-82D6-4370-8091-FBC5364F8CD0} = {0431C119-E4AE-4512-9F0F-730F091B6826}
		{59DE959A-F8A7-4BC0-A7E7-A790EE96E3CB} = {0431C119-E4AE-4512-9F0F-730F091B6826}
		{C88898DE-35AF-46BA-8544-97AFBB5C41B6} = {7EEB19B9-BF5F-488D-9F1B-7393DBD6C545}
	EndGlobalSection
	GlobalSection(ExtensibilityGlobals) = postSolution
		SolutionGuid = {860A9C9D-BAD7-45C2-841D-1EF780A99464}
	EndGlobalSection
EndGlobal
